
Microsoft Visual Studio Solution File, Format Version 12.00
# Visual Studio Version 16
VisualStudioVersion = 16.0.31702.278
MinimumVisualStudioVersion = 10.0.40219.1
Project("{FAE04EC0-301F-11D3-BF4B-00C04F79EFBC}") = "CL2App", "CL2App\CL2App.csproj", "{5D18AA01-7B61-4E28-B0F3-0AB6EA5B575B}"
EndProject
Global
	GlobalSection(SolutionConfigurationPlatforms) = preSolution
		Debug|Any CPU = Debug|Any CPU
		Release|Any CPU = Release|Any CPU
	EndGlobalSection
	GlobalSection(ProjectConfigurationPlatforms) = postSolution
		{5D18AA01-7B61-4E28-B0F3-0AB6EA5B575B}.Debug|Any CPU.ActiveCfg = Debug|Any CPU
		{5D18AA01-7B61-4E28-B0F3-0AB6EA5B575B}.Debug|Any CPU.Build.0 = Debug|Any CPU
		{5D18AA01-7B61-4E28-B0F3-0AB6EA5B575B}.Release|Any CPU.ActiveCfg = Release|Any CPU
		{5D18AA01-7B61-4E28-B0F3-0AB6EA5B575B}.Release|Any CPU.Build.0 = Release|Any CPU
	EndGlobalSection
	GlobalSection(SolutionProperties) = preSolution
		HideSolutionNode = FALSE
	EndGlobalSection
	GlobalSection(ExtensibilityGlobals) = postSolution
		SolutionGuid = {781AE5A8-54B0-4549-9F04-504FBC37CB82}
	EndGlobalSection
EndGlobal
